// !$*UTF8*$!
{
	archiveVersion = 1;
	classes = {
	};
	objectVersion = 48;
	objects = {

/* Begin PBXBuildFile section */
		F2D4D69D20CEB08F006C77AB /* AppDelegate.swift in Sources */ = {isa = PBXBuildFile; fileRef = F2D4D69C20CEB08F006C77AB /* AppDelegate.swift */; };
		F2D4D69F20CEB08F006C77AB /* art.scnassets in Resources */ = {isa = PBXBuildFile; fileRef = F2D4D69E20CEB08F006C77AB /* art.scnassets */; };
		F2D4D6A120CEB08F006C77AB /* GameViewController.swift in Sources */ = {isa = PBXBuildFile; fileRef = F2D4D6A020CEB08F006C77AB /* GameViewController.swift */; };
		F2D4D6A420CEB08F006C77AB /* Main.storyboard in Resources */ = {isa = PBXBuildFile; fileRef = F2D4D6A220CEB08F006C77AB /* Main.storyboard */; };
		F2D4D6A620CEB090006C77AB /* Assets.xcassets in Resources */ = {isa = PBXBuildFile; fileRef = F2D4D6A520CEB090006C77AB /* Assets.xcassets */; };
		F2D4D6A920CEB090006C77AB /* LaunchScreen.storyboard in Resources */ = {isa = PBXBuildFile; fileRef = F2D4D6A720CEB090006C77AB /* LaunchScreen.storyboard */; };
		F2D4D6B420CEB091006C77AB /* ShooterTests.swift in Sources */ = {isa = PBXBuildFile; fileRef = F2D4D6B320CEB091006C77AB /* ShooterTests.swift */; };
		F2D4D6BF20CEB091006C77AB /* ShooterUITests.swift in Sources */ = {isa = PBXBuildFile; fileRef = F2D4D6BE20CEB091006C77AB /* ShooterUITests.swift */; };
		F2EF7D5F20CFA67800BD9B86 /* HomeViewController.swift in Sources */ = {isa = PBXBuildFile; fileRef = F2EF7D5E20CFA67800BD9B86 /* HomeViewController.swift */; };
		F2EF7D6520CFAF7F00BD9B86 /* HelpView.swift in Sources */ = {isa = PBXBuildFile; fileRef = F2EF7D6420CFAF7F00BD9B86 /* HelpView.swift */; };
		F2EF7D6720CFAF8D00BD9B86 /* HelpView.xib in Resources */ = {isa = PBXBuildFile; fileRef = F2EF7D6620CFAF8D00BD9B86 /* HelpView.xib */; };
		F2EF7D6920CFC40D00BD9B86 /* ModeViewController.swift in Sources */ = {isa = PBXBuildFile; fileRef = F2EF7D6820CFC40D00BD9B86 /* ModeViewController.swift */; };
		F2EF7D6B20CFCFDF00BD9B86 /* Mode.swift in Sources */ = {isa = PBXBuildFile; fileRef = F2EF7D6A20CFCFDF00BD9B86 /* Mode.swift */; };
		F2EF7D6D20CFE1E700BD9B86 /* Monster.swift in Sources */ = {isa = PBXBuildFile; fileRef = F2EF7D6C20CFE1E700BD9B86 /* Monster.swift */; };
		F2EF7D6F20CFE1FC00BD9B86 /* common.swift in Sources */ = {isa = PBXBuildFile; fileRef = F2EF7D6E20CFE1FC00BD9B86 /* common.swift */; };
/* End PBXBuildFile section */

/* Begin PBXContainerItemProxy section */
		F2D4D6B020CEB091006C77AB /* PBXContainerItemProxy */ = {
			isa = PBXContainerItemProxy;
			containerPortal = F2D4D69120CEB08F006C77AB /* Project object */;
			proxyType = 1;
			remoteGlobalIDString = F2D4D69820CEB08F006C77AB;
			remoteInfo = Shooter;
		};
		F2D4D6BB20CEB091006C77AB /* PBXContainerItemProxy */ = {
			isa = PBXContainerItemProxy;
			containerPortal = F2D4D69120CEB08F006C77AB /* Project object */;
			proxyType = 1;
			remoteGlobalIDString = F2D4D69820CEB08F006C77AB;
			remoteInfo = Shooter;
		};
/* End PBXContainerItemProxy section */

/* Begin PBXFileReference section */
		F2D4D69920CEB08F006C77AB /* Shooter.app */ = {isa = PBXFileReference; explicitFileType = wrapper.application; includeInIndex = 0; path = Shooter.app; sourceTree = BUILT_PRODUCTS_DIR; };
		F2D4D69C20CEB08F006C77AB /* AppDelegate.swift */ = {isa = PBXFileReference; lastKnownFileType = sourcecode.swift; path = AppDelegate.swift; sourceTree = "<group>"; };
		F2D4D69E20CEB08F006C77AB /* art.scnassets */ = {isa = PBXFileReference; lastKnownFileType = wrapper.scnassets; path = art.scnassets; sourceTree = "<group>"; };
		F2D4D6A020CEB08F006C77AB /* GameViewController.swift */ = {isa = PBXFileReference; lastKnownFileType = sourcecode.swift; path = GameViewController.swift; sourceTree = "<group>"; };
		F2D4D6A320CEB08F006C77AB /* Base */ = {isa = PBXFileReference; lastKnownFileType = file.storyboard; name = Base; path = Base.lproj/Main.storyboard; sourceTree = "<group>"; };
		F2D4D6A520CEB090006C77AB /* Assets.xcassets */ = {isa = PBXFileReference; lastKnownFileType = folder.assetcatalog; path = Assets.xcassets; sourceTree = "<group>"; };
		F2D4D6A820CEB090006C77AB /* Base */ = {isa = PBXFileReference; lastKnownFileType = file.storyboard; name = Base; path = Base.lproj/LaunchScreen.storyboard; sourceTree = "<group>"; };
		F2D4D6AA20CEB090006C77AB /* Info.plist */ = {isa = PBXFileReference; lastKnownFileType = text.plist.xml; path = Info.plist; sourceTree = "<group>"; };
		F2D4D6AF20CEB091006C77AB /* ShooterTests.xctest */ = {isa = PBXFileReference; explicitFileType = wrapper.cfbundle; includeInIndex = 0; path = ShooterTests.xctest; sourceTree = BUILT_PRODUCTS_DIR; };
		F2D4D6B320CEB091006C77AB /* ShooterTests.swift */ = {isa = PBXFileReference; lastKnownFileType = sourcecode.swift; path = ShooterTests.swift; sourceTree = "<group>"; };
		F2D4D6B520CEB091006C77AB /* Info.plist */ = {isa = PBXFileReference; lastKnownFileType = text.plist.xml; path = Info.plist; sourceTree = "<group>"; };
		F2D4D6BA20CEB091006C77AB /* ShooterUITests.xctest */ = {isa = PBXFileReference; explicitFileType = wrapper.cfbundle; includeInIndex = 0; path = ShooterUITests.xctest; sourceTree = BUILT_PRODUCTS_DIR; };
		F2D4D6BE20CEB091006C77AB /* ShooterUITests.swift */ = {isa = PBXFileReference; lastKnownFileType = sourcecode.swift; path = ShooterUITests.swift; sourceTree = "<group>"; };
		F2D4D6C020CEB091006C77AB /* Info.plist */ = {isa = PBXFileReference; lastKnownFileType = text.plist.xml; path = Info.plist; sourceTree = "<group>"; };
		F2EF7D5E20CFA67800BD9B86 /* HomeViewController.swift */ = {isa = PBXFileReference; lastKnownFileType = sourcecode.swift; path = HomeViewController.swift; sourceTree = "<group>"; };
		F2EF7D6420CFAF7F00BD9B86 /* HelpView.swift */ = {isa = PBXFileReference; lastKnownFileType = sourcecode.swift; path = HelpView.swift; sourceTree = "<group>"; };
		F2EF7D6620CFAF8D00BD9B86 /* HelpView.xib */ = {isa = PBXFileReference; lastKnownFileType = file.xib; path = HelpView.xib; sourceTree = "<group>"; };
		F2EF7D6820CFC40D00BD9B86 /* ModeViewController.swift */ = {isa = PBXFileReference; lastKnownFileType = sourcecode.swift; path = ModeViewController.swift; sourceTree = "<group>"; };
		F2EF7D6A20CFCFDF00BD9B86 /* Mode.swift */ = {isa = PBXFileReference; lastKnownFileType = sourcecode.swift; path = Mode.swift; sourceTree = "<group>"; };
		F2EF7D6C20CFE1E700BD9B86 /* Monster.swift */ = {isa = PBXFileReference; lastKnownFileType = sourcecode.swift; path = Monster.swift; sourceTree = "<group>"; };
		F2EF7D6E20CFE1FC00BD9B86 /* common.swift */ = {isa = PBXFileReference; lastKnownFileType = sourcecode.swift; path = common.swift; sourceTree = "<group>"; };
/* End PBXFileReference section */

/* Begin PBXFrameworksBuildPhase section */
		F2D4D69620CEB08F006C77AB /* Frameworks */ = {
			isa = PBXFrameworksBuildPhase;
			buildActionMask = 2147483647;
			files = (
			);
			runOnlyForDeploymentPostprocessing = 0;
		};
		F2D4D6AC20CEB091006C77AB /* Frameworks */ = {
			isa = PBXFrameworksBuildPhase;
			buildActionMask = 2147483647;
			files = (
			);
			runOnlyForDeploymentPostprocessing = 0;
		};
		F2D4D6B720CEB091006C77AB /* Frameworks */ = {
			isa = PBXFrameworksBuildPhase;
			buildActionMask = 2147483647;
			files = (
			);
			runOnlyForDeploymentPostprocessing = 0;
		};
/* End PBXFrameworksBuildPhase section */

/* Begin PBXGroup section */
		F2D4D69020CEB08F006C77AB = {
			isa = PBXGroup;
			children = (
				F2D4D69B20CEB08F006C77AB /* Shooter */,
				F2D4D6B220CEB091006C77AB /* ShooterTests */,
				F2D4D6BD20CEB091006C77AB /* ShooterUITests */,
				F2D4D69A20CEB08F006C77AB /* Products */,
			);
			sourceTree = "<group>";
		};
		F2D4D69A20CEB08F006C77AB /* Products */ = {
			isa = PBXGroup;
			children = (
				F2D4D69920CEB08F006C77AB /* Shooter.app */,
				F2D4D6AF20CEB091006C77AB /* ShooterTests.xctest */,
				F2D4D6BA20CEB091006C77AB /* ShooterUITests.xctest */,
			);
			name = Products;
			sourceTree = "<group>";
		};
		F2D4D69B20CEB08F006C77AB /* Shooter */ = {
			isa = PBXGroup;
			children = (
				F2EF7D5E20CFA67800BD9B86 /* HomeViewController.swift */,
				F2EF7D6A20CFCFDF00BD9B86 /* Mode.swift */,
				F2EF7D6820CFC40D00BD9B86 /* ModeViewController.swift */,
				F2D4D6A020CEB08F006C77AB /* GameViewController.swift */,
				F2EF7D6420CFAF7F00BD9B86 /* HelpView.swift */,
				F2EF7D6620CFAF8D00BD9B86 /* HelpView.xib */,
				F2EF7D6C20CFE1E700BD9B86 /* Monster.swift */,
				F2EF7D6E20CFE1FC00BD9B86 /* common.swift */,
				F2D4D6A520CEB090006C77AB /* Assets.xcassets */,
				F2D4D69C20CEB08F006C77AB /* AppDelegate.swift */,
				F2D4D69E20CEB08F006C77AB /* art.scnassets */,
				F2D4D6A220CEB08F006C77AB /* Main.storyboard */,
				F2D4D6A720CEB090006C77AB /* LaunchScreen.storyboard */,
				F2D4D6AA20CEB090006C77AB /* Info.plist */,
			);
			path = Shooter;
			sourceTree = "<group>";
		};
		F2D4D6B220CEB091006C77AB /* ShooterTests */ = {
			isa = PBXGroup;
			children = (
				F2D4D6B320CEB091006C77AB /* ShooterTests.swift */,
				F2D4D6B520CEB091006C77AB /* Info.plist */,
			);
			path = ShooterTests;
			sourceTree = "<group>";
		};
		F2D4D6BD20CEB091006C77AB /* ShooterUITests */ = {
			isa = PBXGroup;
			children = (
				F2D4D6BE20CEB091006C77AB /* ShooterUITests.swift */,
				F2D4D6C020CEB091006C77AB /* Info.plist */,
			);
			path = ShooterUITests;
			sourceTree = "<group>";
		};
/* End PBXGroup section */

/* Begin PBXNativeTarget section */
		F2D4D69820CEB08F006C77AB /* Shooter */ = {
			isa = PBXNativeTarget;
			buildConfigurationList = F2D4D6C320CEB091006C77AB /* Build configuration list for PBXNativeTarget "Shooter" */;
			buildPhases = (
				F2D4D69520CEB08F006C77AB /* Sources */,
				F2D4D69620CEB08F006C77AB /* Frameworks */,
				F2D4D69720CEB08F006C77AB /* Resources */,
			);
			buildRules = (
			);
			dependencies = (
			);
			name = Shooter;
			productName = Shooter;
			productReference = F2D4D69920CEB08F006C77AB /* Shooter.app */;
			productType = "com.apple.product-type.application";
		};
		F2D4D6AE20CEB091006C77AB /* ShooterTests */ = {
			isa = PBXNativeTarget;
			buildConfigurationList = F2D4D6C620CEB091006C77AB /* Build configuration list for PBXNativeTarget "ShooterTests" */;
			buildPhases = (
				F2D4D6AB20CEB091006C77AB /* Sources */,
				F2D4D6AC20CEB091006C77AB /* Frameworks */,
				F2D4D6AD20CEB091006C77AB /* Resources */,
			);
			buildRules = (
			);
			dependencies = (
				F2D4D6B120CEB091006C77AB /* PBXTargetDependency */,
			);
			name = ShooterTests;
			productName = ShooterTests;
			productReference = F2D4D6AF20CEB091006C77AB /* ShooterTests.xctest */;
			productType = "com.apple.product-type.bundle.unit-test";
		};
		F2D4D6B920CEB091006C77AB /* ShooterUITests */ = {
			isa = PBXNativeTarget;
			buildConfigurationList = F2D4D6C920CEB091006C77AB /* Build configuration list for PBXNativeTarget "ShooterUITests" */;
			buildPhases = (
				F2D4D6B620CEB091006C77AB /* Sources */,
				F2D4D6B720CEB091006C77AB /* Frameworks */,
				F2D4D6B820CEB091006C77AB /* Resources */,
			);
			buildRules = (
			);
			dependencies = (
				F2D4D6BC20CEB091006C77AB /* PBXTargetDependency */,
			);
			name = ShooterUITests;
			productName = ShooterUITests;
			productReference = F2D4D6BA20CEB091006C77AB /* ShooterUITests.xctest */;
			productType = "com.apple.product-type.bundle.ui-testing";
		};
/* End PBXNativeTarget section */

/* Begin PBXProject section */
		F2D4D69120CEB08F006C77AB /* Project object */ = {
			isa = PBXProject;
			attributes = {
				LastSwiftUpdateCheck = 0930;
				LastUpgradeCheck = 0930;
				ORGANIZATIONNAME = "Starblo Hong";
				TargetAttributes = {
					F2D4D69820CEB08F006C77AB = {
						CreatedOnToolsVersion = 9.3;
						ProvisioningStyle = Automatic;
					};
					F2D4D6AE20CEB091006C77AB = {
						CreatedOnToolsVersion = 9.3;
						ProvisioningStyle = Automatic;
						TestTargetID = F2D4D69820CEB08F006C77AB;
					};
					F2D4D6B920CEB091006C77AB = {
						CreatedOnToolsVersion = 9.3;
						ProvisioningStyle = Automatic;
						TestTargetID = F2D4D69820CEB08F006C77AB;
					};
				};
			};
			buildConfigurationList = F2D4D69420CEB08F006C77AB /* Build configuration list for PBXProject "Shooter" */;
			compatibilityVersion = "Xcode 8.0";
			developmentRegion = en;
			hasScannedForEncodings = 0;
			knownRegions = (
				en,
				Base,
			);
			mainGroup = F2D4D69020CEB08F006C77AB;
			productRefGroup = F2D4D69A20CEB08F006C77AB /* Products */;
			projectDirPath = "";
			projectRoot = "";
			targets = (
				F2D4D69820CEB08F006C77AB /* Shooter */,
				F2D4D6AE20CEB091006C77AB /* ShooterTests */,
				F2D4D6B920CEB091006C77AB /* ShooterUITests */,
			);
		};
/* End PBXProject section */

/* Begin PBXResourcesBuildPhase section */
		F2D4D69720CEB08F006C77AB /* Resources */ = {
			isa = PBXResourcesBuildPhase;
			buildActionMask = 2147483647;
			files = (
				F2D4D69F20CEB08F006C77AB /* art.scnassets in Resources */,
				F2D4D6A920CEB090006C77AB /* LaunchScreen.storyboard in Resources */,
				F2D4D6A620CEB090006C77AB /* Assets.xcassets in Resources */,
				F2D4D6A420CEB08F006C77AB /* Main.storyboard in Resources */,
				F2EF7D6720CFAF8D00BD9B86 /* HelpView.xib in Resources */,
			);
			runOnlyForDeploymentPostprocessing = 0;
		};
		F2D4D6AD20CEB091006C77AB /* Resources */ = {
			isa = PBXResourcesBuildPhase;
			buildActionMask = 2147483647;
			files = (
			);
			runOnlyForDeploymentPostprocessing = 0;
		};
		F2D4D6B820CEB091006C77AB /* Resources */ = {
			isa = PBXResourcesBuildPhase;
			buildActionMask = 2147483647;
			files = (
			);
			runOnlyForDeploymentPostprocessing = 0;
		};
/* End PBXResourcesBuildPhase section */

/* Begin PBXSourcesBuildPhase section */
		F2D4D69520CEB08F006C77AB /* Sources */ = {
			isa = PBXSourcesBuildPhase;
			buildActionMask = 2147483647;
			files = (
				F2EF7D6F20CFE1FC00BD9B86 /* common.swift in Sources */,
				F2D4D6A120CEB08F006C77AB /* GameViewController.swift in Sources */,
				F2D4D69D20CEB08F006C77AB /* AppDelegate.swift in Sources */,
				F2EF7D6B20CFCFDF00BD9B86 /* Mode.swift in Sources */,
				F2EF7D6520CFAF7F00BD9B86 /* HelpView.swift in Sources */,
				F2EF7D5F20CFA67800BD9B86 /* HomeViewController.swift in Sources */,
				F2EF7D6920CFC40D00BD9B86 /* ModeViewController.swift in Sources */,
				F2EF7D6D20CFE1E700BD9B86 /* Monster.swift in Sources */,
			);
			runOnlyForDeploymentPostprocessing = 0;
		};
		F2D4D6AB20CEB091006C77AB /* Sources */ = {
			isa = PBXSourcesBuildPhase;
			buildActionMask = 2147483647;
			files = (
				F2D4D6B420CEB091006C77AB /* ShooterTests.swift in Sources */,
			);
			runOnlyForDeploymentPostprocessing = 0;
		};
		F2D4D6B620CEB091006C77AB /* Sources */ = {
			isa = PBXSourcesBuildPhase;
			buildActionMask = 2147483647;
			files = (
				F2D4D6BF20CEB091006C77AB /* ShooterUITests.swift in Sources */,
			);
			runOnlyForDeploymentPostprocessing = 0;
		};
/* End PBXSourcesBuildPhase section */

/* Begin PBXTargetDependency section */
		F2D4D6B120CEB091006C77AB /* PBXTargetDependency */ = {
			isa = PBXTargetDependency;
			target = F2D4D69820CEB08F006C77AB /* Shooter */;
			targetProxy = F2D4D6B020CEB091006C77AB /* PBXContainerItemProxy */;
		};
		F2D4D6BC20CEB091006C77AB /* PBXTargetDependency */ = {
			isa = PBXTargetDependency;
			target = F2D4D69820CEB08F006C77AB /* Shooter */;
			targetProxy = F2D4D6BB20CEB091006C77AB /* PBXContainerItemProxy */;
		};
/* End PBXTargetDependency section */

/* Begin PBXVariantGroup section */
		F2D4D6A220CEB08F006C77AB /* Main.storyboard */ = {
			isa = PBXVariantGroup;
			children = (
				F2D4D6A320CEB08F006C77AB /* Base */,
			);
			name = Main.storyboard;
			sourceTree = "<group>";
		};
		F2D4D6A720CEB090006C77AB /* LaunchScreen.storyboard */ = {
			isa = PBXVariantGroup;
			children = (
				F2D4D6A820CEB090006C77AB /* Base */,
			);
			name = LaunchScreen.storyboard;
			sourceTree = "<group>";
		};
/* End PBXVariantGroup section */

/* Begin XCBuildConfiguration section */
		F2D4D6C120CEB091006C77AB /* Debug */ = {
			isa = XCBuildConfiguration;
			buildSettings = {
				ALWAYS_SEARCH_USER_PATHS = NO;
				CLANG_ANALYZER_NONNULL = YES;
				CLANG_ANALYZER_NUMBER_OBJECT_CONVERSION = YES_AGGRESSIVE;
				CLANG_CXX_LANGUAGE_STANDARD = "gnu++14";
				CLANG_CXX_LIBRARY = "libc++";
				CLANG_ENABLE_MODULES = YES;
				CLANG_ENABLE_OBJC_ARC = YES;
				CLANG_ENABLE_OBJC_WEAK = YES;
				CLANG_WARN_BLOCK_CAPTURE_AUTORELEASING = YES;
				CLANG_WARN_BOOL_CONVERSION = YES;
				CLANG_WARN_COMMA = YES;
				CLANG_WARN_CONSTANT_CONVERSION = YES;
				CLANG_WARN_DEPRECATED_OBJC_IMPLEMENTATIONS = YES;
				CLANG_WARN_DIRECT_OBJC_ISA_USAGE = YES_ERROR;
				CLANG_WARN_DOCUMENTATION_COMMENTS = YES;
				CLANG_WARN_EMPTY_BODY = YES;
				CLANG_WARN_ENUM_CONVERSION = YES;
				CLANG_WARN_INFINITE_RECURSION = YES;
				CLANG_WARN_INT_CONVERSION = YES;
				CLANG_WARN_NON_LITERAL_NULL_CONVERSION = YES;
				CLANG_WARN_OBJC_IMPLICIT_RETAIN_SELF = YES;
				CLANG_WARN_OBJC_LITERAL_CONVERSION = YES;
				CLANG_WARN_OBJC_ROOT_CLASS = YES_ERROR;
				CLANG_WARN_RANGE_LOOP_ANALYSIS = YES;
				CLANG_WARN_STRICT_PROTOTYPES = YES;
				CLANG_WARN_SUSPICIOUS_MOVE = YES;
				CLANG_WARN_UNGUARDED_AVAILABILITY = YES_AGGRESSIVE;
				CLANG_WARN_UNREACHABLE_CODE = YES;
				CLANG_WARN__DUPLICATE_METHOD_MATCH = YES;
				CODE_SIGN_IDENTITY = "iPhone Developer";
				COPY_PHASE_STRIP = NO;
				DEBUG_INFORMATION_FORMAT = dwarf;
				ENABLE_STRICT_OBJC_MSGSEND = YES;
				ENABLE_TESTABILITY = YES;
				GCC_C_LANGUAGE_STANDARD = gnu11;
				GCC_DYNAMIC_NO_PIC = NO;
				GCC_NO_COMMON_BLOCKS = YES;
				GCC_OPTIMIZATION_LEVEL = 0;
				GCC_PREPROCESSOR_DEFINITIONS = (
					"DEBUG=1",
					"$(inherited)",
				);
				GCC_WARN_64_TO_32_BIT_CONVERSION = YES;
				GCC_WARN_ABOUT_RETURN_TYPE = YES_ERROR;
				GCC_WARN_UNDECLARED_SELECTOR = YES;
				GCC_WARN_UNINITIALIZED_AUTOS = YES_AGGRESSIVE;
				GCC_WARN_UNUSED_FUNCTION = YES;
				GCC_WARN_UNUSED_VARIABLE = YES;
				IPHONEOS_DEPLOYMENT_TARGET = 11.0;
				MTL_ENABLE_DEBUG_INFO = YES;
				ONLY_ACTIVE_ARCH = YES;
				SDKROOT = iphoneos;
				SWIFT_ACTIVE_COMPILATION_CONDITIONS = DEBUG;
				SWIFT_OPTIMIZATION_LEVEL = "-Onone";
			};
			name = Debug;
		};
		F2D4D6C220CEB091006C77AB /* Release */ = {
			isa = XCBuildConfiguration;
			buildSettings = {
				ALWAYS_SEARCH_USER_PATHS = NO;
				CLANG_ANALYZER_NONNULL = YES;
				CLANG_ANALYZER_NUMBER_OBJECT_CONVERSION = YES_AGGRESSIVE;
				CLANG_CXX_LANGUAGE_STANDARD = "gnu++14";
				CLANG_CXX_LIBRARY = "libc++";
				CLANG_ENABLE_MODULES = YES;
				CLANG_ENABLE_OBJC_ARC = YES;
				CLANG_ENABLE_OBJC_WEAK = YES;
				CLANG_WARN_BLOCK_CAPTURE_AUTORELEASING = YES;
				CLANG_WARN_BOOL_CONVERSION = YES;
				CLANG_WARN_COMMA = YES;
				CLANG_WARN_CONSTANT_CONVERSION = YES;
				CLANG_WARN_DEPRECATED_OBJC_IMPLEMENTATIONS = YES;
				CLANG_WARN_DIRECT_OBJC_ISA_USAGE = YES_ERROR;
				CLANG_WARN_DOCUMENTATION_COMMENTS = YES;
				CLANG_WARN_EMPTY_BODY = YES;
				CLANG_WARN_ENUM_CONVERSION = YES;
				CLANG_WARN_INFINITE_RECURSION = YES;
				CLANG_WARN_INT_CONVERSION = YES;
				CLANG_WARN_NON_LITERAL_NULL_CONVERSION = YES;
				CLANG_WARN_OBJC_IMPLICIT_RETAIN_SELF = YES;
				CLANG_WARN_OBJC_LITERAL_CONVERSION = YES;
				CLANG_WARN_OBJC_ROOT_CLASS = YES_ERROR;
				CLANG_WARN_RANGE_LOOP_ANALYSIS = YES;
				CLANG_WARN_STRICT_PROTOTYPES = YES;
				CLANG_WARN_SUSPICIOUS_MOVE = YES;
				CLANG_WARN_UNGUARDED_AVAILABILITY = YES_AGGRESSIVE;
				CLANG_WARN_UNREACHABLE_CODE = YES;
				CLANG_WARN__DUPLICATE_METHOD_MATCH = YES;
				CODE_SIGN_IDENTITY = "iPhone Developer";
				COPY_PHASE_STRIP = NO;
				DEBUG_INFORMATION_FORMAT = "dwarf-with-dsym";
				ENABLE_NS_ASSERTIONS = NO;
				ENABLE_STRICT_OBJC_MSGSEND = YES;
				GCC_C_LANGUAGE_STANDARD = gnu11;
				GCC_NO_COMMON_BLOCKS = YES;
				GCC_WARN_64_TO_32_BIT_CONVERSION = YES;
				GCC_WARN_ABOUT_RETURN_TYPE = YES_ERROR;
				GCC_WARN_UNDECLARED_SELECTOR = YES;
				GCC_WARN_UNINITIALIZED_AUTOS = YES_AGGRESSIVE;
				GCC_WARN_UNUSED_FUNCTION = YES;
				GCC_WARN_UNUSED_VARIABLE = YES;
				IPHONEOS_DEPLOYMENT_TARGET = 11.0;
				MTL_ENABLE_DEBUG_INFO = NO;
				SDKROOT = iphoneos;
				SWIFT_OPTIMIZATION_LEVEL = "-Owholemodule";
				VALIDATE_PRODUCT = YES;
			};
			name = Release;
		};
		F2D4D6C420CEB091006C77AB /* Debug */ = {
			isa = XCBuildConfiguration;
			buildSettings = {
				ASSETCATALOG_COMPILER_APPICON_NAME = AppIcon;
				CODE_SIGN_IDENTITY = "iPhone Developer";
				CODE_SIGN_STYLE = Automatic;
				DEVELOPMENT_TEAM = Y8E43R4Z47;
				INFOPLIST_FILE = Shooter/Info.plist;
				LD_RUNPATH_SEARCH_PATHS = "$(inherited) @executable_path/Frameworks";
				PRODUCT_BUNDLE_IDENTIFIER = hdc.Shooter;
				PRODUCT_NAME = "$(TARGET_NAME)";
				PROVISIONING_PROFILE_SPECIFIER = "";
				SWIFT_VERSION = 4.0;
				TARGETED_DEVICE_FAMILY = "1,2";
			};
			name = Debug;
		};
		F2D4D6C520CEB091006C77AB /* Release */ = {
			isa = XCBuildConfiguration;
			buildSettings = {
				ASSETCATALOG_COMPILER_APPICON_NAME = AppIcon;
				CODE_SIGN_IDENTITY = "iPhone Developer";
				CODE_SIGN_STYLE = Automatic;
				DEVELOPMENT_TEAM = Y8E43R4Z47;
				INFOPLIST_FILE = Shooter/Info.plist;
				LD_RUNPATH_SEARCH_PATHS = "$(inherited) @executable_path/Frameworks";
				PRODUCT_BUNDLE_IDENTIFIER = hdc.Shooter;
				PRODUCT_NAME = "$(TARGET_NAME)";
				PROVISIONING_PROFILE_SPECIFIER = "";
				SWIFT_VERSION = 4.0;
				TARGETED_DEVICE_FAMILY = "1,2";
			};
			name = Release;
		};
		F2D4D6C720CEB091006C77AB /* Debug */ = {
			isa = XCBuildConfiguration;
			buildSettings = {
				ALWAYS_EMBED_SWIFT_STANDARD_LIBRARIES = YES;
				BUNDLE_LOADER = "$(TEST_HOST)";
				CODE_SIGN_STYLE = Automatic;
				DEVELOPMENT_TEAM = 9488FP2TV3;
				INFOPLIST_FILE = ShooterTests/Info.plist;
				LD_RUNPATH_SEARCH_PATHS = "$(inherited) @executable_path/Frameworks @loader_path/Frameworks";
				PRODUCT_BUNDLE_IDENTIFIER = h.ShooterTests;
				PRODUCT_NAME = "$(TARGET_NAME)";
				SWIFT_VERSION = 4.0;
				TARGETED_DEVICE_FAMILY = "1,2";
				TEST_HOST = "$(BUILT_PRODUCTS_DIR)/Shooter.app/Shooter";
			};
			name = Debug;
		};
		F2D4D6C820CEB091006C77AB /* Release */ = {
			isa = XCBuildConfiguration;
			buildSettings = {
				ALWAYS_EMBED_SWIFT_STANDARD_LIBRARIES = YES;
				BUNDLE_LOADER = "$(TEST_HOST)";
				CODE_SIGN_STYLE = Automatic;
				DEVELOPMENT_TEAM = 9488FP2TV3;
				INFOPLIST_FILE = ShooterTests/Info.plist;
				LD_RUNPATH_SEARCH_PATHS = "$(inherited) @executable_path/Frameworks @loader_path/Frameworks";
				PRODUCT_BUNDLE_IDENTIFIER = h.ShooterTests;
				PRODUCT_NAME = "$(TARGET_NAME)";
				SWIFT_VERSION = 4.0;
				TARGETED_DEVICE_FAMILY = "1,2";
				TEST_HOST = "$(BUILT_PRODUCTS_DIR)/Shooter.app/Shooter";
			};
			name = Release;
		};
		F2D4D6CA20CEB091006C77AB /* Debug */ = {
			isa = XCBuildConfiguration;
			buildSettings = {
				ALWAYS_EMBED_SWIFT_STANDARD_LIBRARIES = YES;
				CODE_SIGN_STYLE = Automatic;
				DEVELOPMENT_TEAM = 9488FP2TV3;
				INFOPLIST_FILE = ShooterUITests/Info.plist;
				LD_RUNPATH_SEARCH_PATHS = "$(inherited) @executable_path/Frameworks @loader_path/Frameworks";
				PRODUCT_BUNDLE_IDENTIFIER = h.ShooterUITests;
				PRODUCT_NAME = "$(TARGET_NAME)";
				SWIFT_VERSION = 4.0;
				TARGETED_DEVICE_FAMILY = "1,2";
				TEST_TARGET_NAME = Shooter;
			};
			name = Debug;
		};
		F2D4D6CB20CEB091006C77AB /* Release */ = {
			isa = XCBuildConfiguration;
			buildSettings = {
				ALWAYS_EMBED_SWIFT_STANDARD_LIBRARIES = YES;
				CODE_SIGN_STYLE = Automatic;
				DEVELOPMENT_TEAM = 9488FP2TV3;
				INFOPLIST_FILE = ShooterUITests/Info.plist;
				LD_RUNPATH_SEARCH_PATHS = "$(inherited) @executable_path/Frameworks @loader_path/Frameworks";
				PRODUCT_BUNDLE_IDENTIFIER = h.ShooterUITests;
				PRODUCT_NAME = "$(TARGET_NAME)";
				SWIFT_VERSION = 4.0;
				TARGETED_DEVICE_FAMILY = "1,2";
				TEST_TARGET_NAME = Shooter;
			};
			name = Release;
		};
/* End XCBuildConfiguration section */

/* Begin XCConfigurationList section */
		F2D4D69420CEB08F006C77AB /* Build configuration list for PBXProject "Shooter" */ = {
			isa = XCConfigurationList;
			buildConfigurations = (
				F2D4D6C120CEB091006C77AB /* Debug */,
				F2D4D6C220CEB091006C77AB /* Release */,
			);
			defaultConfigurationIsVisible = 0;
			defaultConfigurationName = Release;
		};
		F2D4D6C320CEB091006C77AB /* Build configuration list for PBXNativeTarget "Shooter" */ = {
			isa = XCConfigurationList;
			buildConfigurations = (
				F2D4D6C420CEB091006C77AB /* Debug */,
				F2D4D6C520CEB091006C77AB /* Release */,
			);
			defaultConfigurationIsVisible = 0;
			defaultConfigurationName = Release;
		};
		F2D4D6C620CEB091006C77AB /* Build configuration list for PBXNativeTarget "ShooterTests" */ = {
			isa = XCConfigurationList;
			buildConfigurations = (
				F2D4D6C720CEB091006C77AB /* Debug */,
				F2D4D6C820CEB091006C77AB /* Release */,
			);
			defaultConfigurationIsVisible = 0;
			defaultConfigurationName = Release;
		};
		F2D4D6C920CEB091006C77AB /* Build configuration list for PBXNativeTarget "ShooterUITests" */ = {
			isa = XCConfigurationList;
			buildConfigurations = (
				F2D4D6CA20CEB091006C77AB /* Debug */,
				F2D4D6CB20CEB091006C77AB /* Release */,
			);
			defaultConfigurationIsVisible = 0;
			defaultConfigurationName = Release;
		};
/* End XCConfigurationList section */
	};
	rootObject = F2D4D69120CEB08F006C77AB /* Project object */;
}
